
Microsoft Visual Studio Solution File, Format Version 12.00
# Visual Studio Version 17
VisualStudioVersion = 17.0.32014.148
MinimumVisualStudioVersion = 10.0.40219.1
Project("{FAE04EC0-301F-11D3-BF4B-00C04F79EFBC}") = "RhinoMOQ", "RhinoMOQ\RhinoMOQ.csproj", "{BE82DF9F-1FCA-4876-A405-2AD663CF7A1A}"
EndProject
Project("{FAE04EC0-301F-11D3-BF4B-00C04F79EFBC}") = "UnitTestProject1", "UnitTestProject1\UnitTestProject1.csproj", "{F4BB2E0A-4FEF-4C98-97FA-9E582F7770C9}"
EndProject
Global
	GlobalSection(SolutionConfigurationPlatforms) = preSolution
		Debug|Any CPU = Debug|Any CPU
		Release|Any CPU = Release|Any CPU
	EndGlobalSection
	GlobalSection(ProjectConfigurationPlatforms) = postSolution
		{BE82DF9F-1FCA-4876-A405-2AD663CF7A1A}.Debug|Any CPU.ActiveCfg = Debug|Any CPU
		{BE82DF9F-1FCA-4876-A405-2AD663CF7A1A}.Debug|Any CPU.Build.0 = Debug|Any CPU
		{BE82DF9F-1FCA-4876-A405-2AD663CF7A1A}.Release|Any CPU.ActiveCfg = Release|Any CPU
		{BE82DF9F-1FCA-4876-A405-2AD663CF7A1A}.Release|Any CPU.Build.0 = Release|Any CPU
		{F4BB2E0A-4FEF-4C98-97FA-9E582F7770C9}.Debug|Any CPU.ActiveCfg = Debug|Any CPU
		{F4BB2E0A-4FEF-4C98-97FA-9E582F7770C9}.Debug|Any CPU.Build.0 = Debug|Any CPU
		{F4BB2E0A-4FEF-4C98-97FA-9E582F7770C9}.Release|Any CPU.ActiveCfg = Release|Any CPU
		{F4BB2E0A-4FEF-4C98-97FA-9E582F7770C9}.Release|Any CPU.Build.0 = Release|Any CPU
	EndGlobalSection
	GlobalSection(SolutionProperties) = preSolution
		HideSolutionNode = FALSE
	EndGlobalSection
	GlobalSection(ExtensibilityGlobals) = postSolution
		SolutionGuid = {C748DC38-D674-4047-B862-23002BDBC3B6}
	EndGlobalSection
EndGlobal
