
Microsoft Visual Studio Solution File, Format Version 12.00
# Visual Studio Version 17
VisualStudioVersion = 17.0.32014.148
MinimumVisualStudioVersion = 10.0.40219.1
Project("{FAE04EC0-301F-11D3-BF4B-00C04F79EFBC}") = "MOQ3", "MOQ3\MOQ3.csproj", "{EBA79736-16E4-4399-BF7A-D73AA1F9483B}"
EndProject
Project("{FAE04EC0-301F-11D3-BF4B-00C04F79EFBC}") = "MoqUnitTest", "MoqUnitTest\MoqUnitTest.csproj", "{1FB9AD2B-E9B9-4955-9877-399D41CF30A7}"
EndProject
Global
	GlobalSection(SolutionConfigurationPlatforms) = preSolution
		Debug|Any CPU = Debug|Any CPU
		Release|Any CPU = Release|Any CPU
	EndGlobalSection
	GlobalSection(ProjectConfigurationPlatforms) = postSolution
		{EBA79736-16E4-4399-BF7A-D73AA1F9483B}.Debug|Any CPU.ActiveCfg = Debug|Any CPU
		{EBA79736-16E4-4399-BF7A-D73AA1F9483B}.Debug|Any CPU.Build.0 = Debug|Any CPU
		{EBA79736-16E4-4399-BF7A-D73AA1F9483B}.Release|Any CPU.ActiveCfg = Release|Any CPU
		{EBA79736-16E4-4399-BF7A-D73AA1F9483B}.Release|Any CPU.Build.0 = Release|Any CPU
		{1FB9AD2B-E9B9-4955-9877-399D41CF30A7}.Debug|Any CPU.ActiveCfg = Debug|Any CPU
		{1FB9AD2B-E9B9-4955-9877-399D41CF30A7}.Debug|Any CPU.Build.0 = Debug|Any CPU
		{1FB9AD2B-E9B9-4955-9877-399D41CF30A7}.Release|Any CPU.ActiveCfg = Release|Any CPU
		{1FB9AD2B-E9B9-4955-9877-399D41CF30A7}.Release|Any CPU.Build.0 = Release|Any CPU
	EndGlobalSection
	GlobalSection(SolutionProperties) = preSolution
		HideSolutionNode = FALSE
	EndGlobalSection
	GlobalSection(ExtensibilityGlobals) = postSolution
		SolutionGuid = {EE987DEB-D0E5-46F2-B858-C9E5205C538B}
	EndGlobalSection
EndGlobal
